{
  "name": "simple-tsx",
  "version": "0.1.0",
  "lockfileVersion": 1,
  "requires": true,
  "dependencies": {
    "styled-components-ts": {
      "version": "0.0.14",
      "resolved": "https://registry.npmjs.org/styled-components-ts/-/styled-components-ts-0.0.14.tgz",
      "integrity": "sha512-e8lLWaC1fjniz40X8sTc+2IwA4s2ShRgUG1p1n4d0axwzYLGX0IkgLV9tLs39Xc+cJV8P/aLmjABSl7MpzVUNA=="
    }
  }
}
